schema: '2.0'
stages:
  build_image:
    cmd: ./build_image.sh && echo $(date) > last_build.log
    deps:
    - path: Dockerfile
      md5: 80349cbf96a46e00ae365c06637d7b46
      size: 574
    - path: build_image.sh
      md5: e8817aee860bb869e5b9fc89c63f7c11
      size: 428
    - path: gloves/
      md5: 36751d3da037e0226812a60649aea5e4.dir
      size: 86207
      nfiles: 27
    - path: requirements.txt
      md5: d45f24d6fb70c1d7810cee36cea2a318
      size: 304
    outs:
    - path: last_build.log
      md5: 107da374b93cd3bd07c6aa6dcc2a8e86
      size: 32
  wget:
    cmd: "docker run -v ${PWD}:/gloves --user 1000:1000 etheredgeb/wget_url:latest\
      \ https://www.robots.ox.ac.uk/~vgg/data/pets/data/images.tar.gz /gloves/artifacts/wget\n"
    params:
      params.yaml:
        wget:
          img: etheredgeb/wget_url:latest
          data_url: https://www.robots.ox.ac.uk/~vgg/data/pets/data/images.tar.gz
          out_dir: wget
    outs:
    - path: artifacts/wget
      md5: dbd763779bfe15e4b6d824cfde1034e0.dir
      size: 791918971
      nfiles: 1
  untar:
    cmd: "docker run -v ${PWD}:/gloves --user 1000:1000 etheredgeb/untar_data:latest\
      \ xzvf  /gloves/artifacts/untar  /gloves/artifacts/wget images.tar.gz\n"
    deps:
    - path: artifacts/wget
      md5: dbd763779bfe15e4b6d824cfde1034e0.dir
      size: 791918971
      nfiles: 1
    params:
      params.yaml:
        untar:
          img: etheredgeb/untar_data:latest
          tar_args: xzvf
          data_dir: untar
          tar_file_name: images.tar.gz
        wget.out_dir: wget
    outs:
    - path: artifacts/untar
      md5: 277f608c70d7bd7991e0cd5f5cc845c6.dir
      size: 796502375
      nfiles: 7393
  clean:
    cmd: "docker run -v ${PWD}:/gloves --user 1000:1000 etheredgeb/clean_oxford_pet_data:latest\
      \ --data_dir /gloves/artifacts/untar --cleaned_dir_name /gloves/artifacts/clean\n"
    deps:
    - path: artifacts/untar
      md5: 277f608c70d7bd7991e0cd5f5cc845c6.dir
      size: 796502375
      nfiles: 7393
    params:
      params.yaml:
        clean:
          img: etheredgeb/clean_oxford_pet_data:latest
          out_dir: clean
        untar.data_dir: untar
    outs:
    - path: artifacts/clean
      md5: 4cd0b23585aa4eaa63096ca693c28879.dir
      size: 790897339
      nfiles: 7390
  split:
    cmd: "docker run -v ${PWD}:/gloves --user 1000:1000 etheredgeb/split_oxford_pet_data:latest\
      \ --data-dir /gloves/artifacts/clean --train-dir /gloves/artifacts/train --test-dir\
      \ /gloves/artifacts/test --ratio 0.1 --by-label False\n"
    deps:
    - path: artifacts/clean
      md5: 4cd0b23585aa4eaa63096ca693c28879.dir
      size: 790897339
      nfiles: 7390
    params:
      params.yaml:
        clean.out_dir: clean
        out_dir: artifacts
        split:
          img: etheredgeb/split_oxford_pet_data:latest
          train_dir: train
          test_dir: test
          ratio: 0.1
    outs:
    - path: artifacts/test
      md5: 7703a0c477d6314c567eb6cbf5b5dfde.dir
      size: 79106624
      nfiles: 739
    - path: artifacts/train
      md5: d0327c629f523260f1b2647575959af1.dir
      size: 711790715
      nfiles: 6651
  hydra:
    cmd: "docker run -v ${PWD}/artifacts:/outputs --user 1000:1000 --gpus all -e TF_FORCE_GPU_ALLOW_GROWTH=true\
      \  -e MLFLOW_EXPERIMENT_NAME=gloves -e AWS_ACCESS_KEY_ID=$AWS_ACCESS_KEY_ID\
      \ -e AWS_SECRET_ACCESS_KEY=$AWS_SECRET_ACCESS_KEY -e MLFLOW_S3_ENDPOINT_URL=$MLFLOW_S3_ENDPOINT_URL\
      \ -e MLFLOW_TRACKING_URI=$MLFLOW_TRACKING_URI -e MLFLOW_TRACKING_USERNAME=$MLFLOW_TRACKING_USERNAME\
      \ -e MLFLOW_TRACKING_PASSWORD=$MLFLOW_TRACKING_PASSWORD -e S3_ENDPOINT=$S3_ENDPOINT\
      \  etheredgeb/gloves:latest hydra.py --epochs 1\n"
    deps:
    - path: last_build.log
      md5: 1867ba7e77dd51e70aa5ae4b7333d0d0
      size: 32
    params:
      params.yaml:
        train.docker_args: --gpus all -e TF_FORCE_GPU_ALLOW_GROWTH=true  -e MLFLOW_EXPERIMENT_NAME=gloves
          -e AWS_ACCESS_KEY_ID=$AWS_ACCESS_KEY_ID -e AWS_SECRET_ACCESS_KEY=$AWS_SECRET_ACCESS_KEY
          -e MLFLOW_S3_ENDPOINT_URL=$MLFLOW_S3_ENDPOINT_URL -e MLFLOW_TRACKING_URI=$MLFLOW_TRACKING_URI
          -e MLFLOW_TRACKING_USERNAME=$MLFLOW_TRACKING_USERNAME -e MLFLOW_TRACKING_PASSWORD=$MLFLOW_TRACKING_PASSWORD
          -e S3_ENDPOINT=$S3_ENDPOINT
        train.img: etheredgeb/gloves:latest
  train_siamese:
    cmd: "python gloves/main.py --train-dir artifacts/train --test-dir artifacts/test\
      \ --model-dir artifacts/models --model-filename model --encoder-model artifacts/encoder\
      \ --metrics logs/siamese_logs --epochs 10\n"
    deps:
    - path: artifacts/test
      md5: 7703a0c477d6314c567eb6cbf5b5dfde.dir
      size: 79106624
      nfiles: 739
    - path: artifacts/train
      md5: d0327c629f523260f1b2647575959af1.dir
      size: 711790715
      nfiles: 6651
    - path: gloves/main.py
      md5: 919cc88bf635c52a0ffcada3a6ebec73
      size: 18613
    params:
      params.yaml:
        out_dir: artifacts
        split.test_dir: test
        split.train_dir: train
        train:
          model_dir: models
          model_filename: model
          encoder: encoder
          metrics: logs/siamese_logs
          epochs: 10
    outs:
    - path: artifacts/encoder
      md5: 678dc93b46a33d5ec7816304d04d2b63.dir
      size: 28293864
      nfiles: 4
    - path: artifacts/models
      md5: f0f7370b6d8bddfe6ec33306ddb7b7b8.dir
      size: 82337647
      nfiles: 7
    - path: siamese_logs
      md5: 446bfdd865a5582f1f983c5753b9a110.dir
      size: 3582
      nfiles: 9
    - path: siamese_logs.html
      md5: a8f828089113cf9ff9327729d1d037f4
      size: 21412
  classifier:
    cmd: "python gloves/classifier.py --encoder-model-path artifacts/encoder --train-dir\
      \ artifacts/train --test-dir artifacts/test --model-path artifacts/classifier_models\
      \ --label-encoder-path artifacts/label_encoder --epochs 4\n"
    deps:
    - path: artifacts/encoder
      md5: 678dc93b46a33d5ec7816304d04d2b63.dir
      size: 28293864
      nfiles: 4
    - path: artifacts/test
      md5: 7703a0c477d6314c567eb6cbf5b5dfde.dir
      size: 79106624
      nfiles: 739
    - path: artifacts/train
      md5: d0327c629f523260f1b2647575959af1.dir
      size: 711790715
      nfiles: 6651
    - path: gloves/classifier.py
      md5: 58c1d378297d2ceab690713bf44f6214
      size: 7549
    params:
      params.yaml:
        classifier:
          train_dir: train
          test_dir: train
          model_dir: classifier_models
          model_filename: model
          label_encoder: label_encoder
          encoder: models/encoder
          epochs: 4
        split.train_dir: train
        train.encoder: encoder
    outs:
    - path: artifacts/classifier_models
      md5: 9ffeea4aae712f3800960b2a79fe9bac.dir
      size: 548183467
      nfiles: 16
    - path: artifacts/label_encoder
      md5: 04389aba6461b8869ba4c8f267b430bd
      size: 1338
