schema: '2.0'
stages:
  build_image:
    cmd: ./build_image.sh && echo $(date) > last_build.log
    deps:
    - path: Dockerfile
      md5: 80349cbf96a46e00ae365c06637d7b46
      size: 574
    - path: build_image.sh
      md5: e8817aee860bb869e5b9fc89c63f7c11
      size: 428
    - path: gloves/
      md5: 1a9e8d0632f6bc30e69806477bc08e0c.dir
      size: 100608
      nfiles: 33
    - path: requirements.txt
      md5: d45f24d6fb70c1d7810cee36cea2a318
      size: 304
    outs:
    - path: last_build.log
      md5: a1ed12d459108b2281f864d1a721635b
      size: 32
  wget:
    cmd: "docker run -v ${PWD}:/gloves --user 1000:1000 etheredgeb/wget_url:latest\
      \ https://www.robots.ox.ac.uk/~vgg/data/pets/data/images.tar.gz /gloves/artifacts/wget\n"
    params:
      params.yaml:
        wget:
          img: etheredgeb/wget_url:latest
          data_url: https://www.robots.ox.ac.uk/~vgg/data/pets/data/images.tar.gz
          out_dir: wget
    outs:
    - path: artifacts/wget
      md5: dbd763779bfe15e4b6d824cfde1034e0.dir
      size: 791918971
      nfiles: 1
  untar:
    cmd: "docker run -v ${PWD}:/gloves --user 1000:1000 etheredgeb/untar_data:latest\
      \ xzvf  /gloves/artifacts/untar  /gloves/artifacts/wget images.tar.gz\n"
    deps:
    - path: artifacts/wget
      md5: dbd763779bfe15e4b6d824cfde1034e0.dir
      size: 791918971
      nfiles: 1
    params:
      params.yaml:
        untar:
          img: etheredgeb/untar_data:latest
          tar_args: xzvf
          data_dir: untar
          tar_file_name: images.tar.gz
        wget.out_dir: wget
    outs:
    - path: artifacts/untar
      md5: 277f608c70d7bd7991e0cd5f5cc845c6.dir
      size: 796502375
      nfiles: 7393
  clean:
    cmd: "docker run -v ${PWD}:/gloves --user 1000:1000 etheredgeb/clean_oxford_pet_data:latest\
      \ --data_dir /gloves/artifacts/untar --cleaned_dir_name /gloves/artifacts/clean\n"
    deps:
    - path: artifacts/untar
      md5: 277f608c70d7bd7991e0cd5f5cc845c6.dir
      size: 796502375
      nfiles: 7393
    params:
      params.yaml:
        clean:
          img: etheredgeb/clean_oxford_pet_data:latest
          out_dir: clean
        untar.data_dir: untar
    outs:
    - path: artifacts/clean
      md5: 4cd0b23585aa4eaa63096ca693c28879.dir
      size: 790897339
      nfiles: 7390
  split:
    cmd: "docker run -v ${PWD}:/gloves --user 1000:1000 etheredgeb/split_oxford_pet_data:latest\
      \ --data-dir /gloves/artifacts/clean --train-dir /gloves/artifacts/train --test-dir\
      \ /gloves/artifacts/test --ratio 0.1 --by-label False\n"
    deps:
    - path: artifacts/clean
      md5: 4cd0b23585aa4eaa63096ca693c28879.dir
      size: 790897339
      nfiles: 7390
    params:
      params.yaml:
        split.ratio: 0.1
    outs:
    - path: artifacts/test
      md5: b98fddfe57c20c4de06747a5ecd79bf6.dir
      size: 78122874
      nfiles: 739
    - path: artifacts/train
      md5: 66d0403084220e6c3c75897280716366.dir
      size: 712774465
      nfiles: 6651
  hydra:
    cmd: "docker run -v ${PWD}/artifacts:/outputs --user 1000:1000 --gpus all -e TF_FORCE_GPU_ALLOW_GROWTH=true\
      \  -e MLFLOW_EXPERIMENT_NAME=gloves -e AWS_ACCESS_KEY_ID=$AWS_ACCESS_KEY_ID\
      \ -e AWS_SECRET_ACCESS_KEY=$AWS_SECRET_ACCESS_KEY -e MLFLOW_S3_ENDPOINT_URL=$MLFLOW_S3_ENDPOINT_URL\
      \ -e MLFLOW_TRACKING_URI=$MLFLOW_TRACKING_URI -e MLFLOW_TRACKING_USERNAME=$MLFLOW_TRACKING_USERNAME\
      \ -e MLFLOW_TRACKING_PASSWORD=$MLFLOW_TRACKING_PASSWORD -e S3_ENDPOINT=$S3_ENDPOINT\
      \  etheredgeb/gloves:latest hydra.py --epochs 1\n"
    deps:
    - path: last_build.log
      md5: 1867ba7e77dd51e70aa5ae4b7333d0d0
      size: 32
    params:
      params.yaml:
        train.docker_args: --gpus all -e TF_FORCE_GPU_ALLOW_GROWTH=true  -e MLFLOW_EXPERIMENT_NAME=gloves
          -e AWS_ACCESS_KEY_ID=$AWS_ACCESS_KEY_ID -e AWS_SECRET_ACCESS_KEY=$AWS_SECRET_ACCESS_KEY
          -e MLFLOW_S3_ENDPOINT_URL=$MLFLOW_S3_ENDPOINT_URL -e MLFLOW_TRACKING_URI=$MLFLOW_TRACKING_URI
          -e MLFLOW_TRACKING_USERNAME=$MLFLOW_TRACKING_USERNAME -e MLFLOW_TRACKING_PASSWORD=$MLFLOW_TRACKING_PASSWORD
          -e S3_ENDPOINT=$S3_ENDPOINT
        train.img: etheredgeb/gloves:latest
  train_siamese:
    cmd: "python gloves/main.py --train-dir artifacts/train --test-dir artifacts/test\
      \ --sigmoid False --param-path params.yaml --param-parent-key siamese_distance\n"
    deps:
    - path: artifacts/test
      md5: 7703a0c477d6314c567eb6cbf5b5dfde.dir
      size: 79106624
      nfiles: 739
    - path: artifacts/train
      md5: d0327c629f523260f1b2647575959af1.dir
      size: 711790715
      nfiles: 6651
    - path: gloves/main.py
      md5: c41c97f71eaa988cc0f527e7cd5b3620
      size: 15953
    params:
      params.yaml:
        siamese_distance:
          src: gloves/main.py
          out_model_path: artifacts/distance_models/model
          out_encoder_path: artifacts/ distance_models/encoder
          out_metrics_path: siamese_distance_logs
          height: 224
          width: 224
          depth: 3
          mutate_anchor: true
          mutate_other: true
          dense_reg_rate: 0.001
          conv_reg_rate: 0.0001
          latent_nodes: 32
          final_activation: sigmoid
          lr: 0.0001
          optimizer: adam
          epochs: 1
          batch_size: 32
          verbose: 0
          eval_freq: 1
          reduce_lr_factor: 0.1
          reduce_lr_patience: 20
          early_stop_patience: 50
          mixed_precision: true
          nway_freq: 20
          nways: 32
          use_batch_norm: true
    outs:
    - path: artifacts/ distance_models/encoder
      md5: 48f32135d20a8eb55afb371dc01bb213.dir
      size: 28291754
      nfiles: 4
    - path: artifacts/distance_models/model
      md5: bb1d4288adcb57dc51ca102207dcd6ac.dir
      size: 82327806
      nfiles: 4
    - path: siamese_distance_logs
      md5: 408e0d491e69c653b9fafa218a4008b3.dir
      size: 598
      nfiles: 9
    - path: siamese_distance_logs.html
      md5: 46b36e86be4d4336d018ba9b6d24f468
      size: 9554
  classifier:
    cmd: "python gloves/classifier.py --encoder-model-path artifacts/encoder --train-dir\
      \ artifacts/train --test-dir artifacts/test --model-path artifacts/classifier_models\
      \ --label-encoder-path artifacts/label_encoder --epochs 4\n"
    deps:
    - path: artifacts/encoder
      md5: 82a898f4ff4f7bb43b62bc9d70f4626e.dir
      size: 28292401
      nfiles: 4
    - path: artifacts/test
      md5: 7703a0c477d6314c567eb6cbf5b5dfde.dir
      size: 79106624
      nfiles: 739
    - path: artifacts/train
      md5: d0327c629f523260f1b2647575959af1.dir
      size: 711790715
      nfiles: 6651
    - path: gloves/classifier.py
      md5: 58c1d378297d2ceab690713bf44f6214
      size: 7549
    params:
      params.yaml:
        classifier:
          train_dir: train
          test_dir: train
          model_dir: classifier_models
          model_filename: model
          label_encoder: label_encoder
          encoder: models/encoder
          epochs: 4
        split.train_dir: train
        train.encoder: encoder
    outs:
    - path: artifacts/classifier_models
      md5: 9490d3260480e1fbb117eab2d42930b8.dir
      size: 548183467
      nfiles: 16
    - path: artifacts/label_encoder
      md5: 04389aba6461b8869ba4c8f267b430bd
      size: 1338
  train_siamese_distance:
    cmd: "python gloves/main.py --train-dir artifacts/train --test-dir artifacts/test\
      \ --sigmoid False --param-path params.yaml --param-parent-key siamese_distance\n"
    deps:
    - path: artifacts/test
      md5: 7703a0c477d6314c567eb6cbf5b5dfde.dir
      size: 79106624
      nfiles: 739
    - path: artifacts/train
      md5: d0327c629f523260f1b2647575959af1.dir
      size: 711790715
      nfiles: 6651
    - path: gloves/main.py
      md5: c41c97f71eaa988cc0f527e7cd5b3620
      size: 15953
    params:
      params.yaml:
        siamese_distance:
          src: gloves/main.py
          out_model_path: artifacts/distance_models/model
          out_encoder_path: artifacts/distance_models/encoder
          out_metrics_path: siamese_distance_logs
          height: 224
          width: 224
          depth: 3
          mutate_anchor: true
          mutate_other: true
          dense_reg_rate: 0.001
          conv_reg_rate: 0.0001
          latent_nodes: 32
          final_activation: sigmoid
          lr: 0.0001
          optimizer: adam
          epochs: 1
          batch_size: 32
          verbose: 0
          eval_freq: 1
          reduce_lr_factor: 0.1
          reduce_lr_patience: 20
          early_stop_patience: 50
          mixed_precision: true
          nway_freq: 20
          nways: 32
          use_batch_norm: true
    outs:
    - path: artifacts/distance_models/encoder
      md5: d95f02396ec1cddabe51f5ea9eb8b594.dir
      size: 28291754
      nfiles: 4
    - path: artifacts/distance_models/model
      md5: a78b19b8d834ba92531d2210e369f056.dir
      size: 82327806
      nfiles: 4
    - path: siamese_distance_logs
      md5: e16c198496a8cf83d770f2f4d35b66d0.dir
      size: 598
      nfiles: 9
    - path: siamese_distance_logs.html
      md5: e81d0298ba5c1833c1ebbcd229cfba76
      size: 9554
  siamese@distance:
    cmd: "python gloves/main.py --train-dir artifacts/train --test-dir artifacts/test\
      \ --sigmoid-head false --param-path params.yaml --param-parent-key siamese --out-model-path\
      \ artifacts/models/siamese_distance/model --out-encoder-path artifacts/models/siamese_distance/encoder\
      \ --out-metrics-path logs/distance_siamese_logs --out-summaries-path logs/distance_siamese_summaries\n"
    deps:
    - path: artifacts/test
      md5: b98fddfe57c20c4de06747a5ecd79bf6.dir
      size: 78122874
      nfiles: 739
    - path: artifacts/train
      md5: 66d0403084220e6c3c75897280716366.dir
      size: 712774465
      nfiles: 6651
    - path: gloves/main.py
      md5: 4cda1541cfeac293c9b9bf0c6e335724
      size: 12460
    - path: gloves/models/custom_model.py
      md5: 74184c53d64a358f3ad592750aea265e
      size: 10801
    params:
      params.yaml:
        siamese:
          height: 224
          width: 224
          depth: 3
          mutate_anchor: true
          mutate_other: true
          dense_layers: 0
          dense_nodes: 1024
          dense_reg_rate: 0.001
          conv_reg_rate: 0.0001
          activation: sigmoid
          latent_nodes: 32
          dropout_rate: 0.0
          final_activation: sigmoid
          lr: 0.0001
          optimizer: adam
          epochs: 1000
          batch_size: 32
          verbose: 0
          eval_freq: 1
          reduce_lr_factor: 0.1
          reduce_lr_patience: 20
          early_stop_patience: 50
          mixed_precision: true
          nway_freq: 20
          nways: 32
          use_batch_norm: true
    outs:
    - path: artifacts/models/siamese_distance/encoder
      md5: c1bc961f6600eae4109d48a4614b72e3.dir
      size: 6161646
      nfiles: 3
    - path: artifacts/models/siamese_distance/model
      md5: 5a25653e46098ad4a3b9ec22f4907887.dir
      size: 17159542
      nfiles: 3
    - path: logs/distance_siamese_logs
      md5: c7918ea3212906e84a888d9557d6bb41.dir
      size: 266143
      nfiles: 10
    - path: logs/distance_siamese_logs.json
      md5: 9dbe633692cd3278ce2cfdef144e9690
      size: 371
    - path: logs/distance_siamese_summaries
      md5: 759f98409efc0ce2f3075dfefc0a8fbf.dir
      size: 25827
      nfiles: 3
  siamese@sigmoid:
    cmd: "python gloves/main.py --train-dir artifacts/train --test-dir artifacts/test\
      \ --sigmoid-head true --param-path params.yaml --param-parent-key siamese --out-model-path\
      \ artifacts/models/siamese_sigmoid/model --out-encoder-path artifacts/models/siamese_sigmoid/encoder\
      \ --out-metrics-path logs/sigmoid_siamese_logs --out-summaries-path logs/sigmoid_siamese_summaries\n"
    deps:
    - path: artifacts/test
      md5: b98fddfe57c20c4de06747a5ecd79bf6.dir
      size: 78122874
      nfiles: 739
    - path: artifacts/train
      md5: 66d0403084220e6c3c75897280716366.dir
      size: 712774465
      nfiles: 6651
    - path: gloves/main.py
      md5: 4cda1541cfeac293c9b9bf0c6e335724
      size: 12460
    - path: gloves/models/custom_model.py
      md5: 74184c53d64a358f3ad592750aea265e
      size: 10801
    params:
      params.yaml:
        siamese:
          height: 224
          width: 224
          depth: 3
          mutate_anchor: true
          mutate_other: true
          dense_layers: 0
          dense_nodes: 1024
          dense_reg_rate: 0.001
          conv_reg_rate: 0.0001
          activation: sigmoid
          latent_nodes: 32
          dropout_rate: 0.0
          final_activation: sigmoid
          lr: 0.0001
          optimizer: adam
          epochs: 1000
          batch_size: 32
          verbose: 0
          eval_freq: 1
          reduce_lr_factor: 0.1
          reduce_lr_patience: 20
          early_stop_patience: 50
          mixed_precision: true
          nway_freq: 20
          nways: 32
          use_batch_norm: true
    outs:
    - path: artifacts/models/siamese_sigmoid/encoder
      md5: cf852f6e88f429f587376c0d85a3a780.dir
      size: 6160418
      nfiles: 3
    - path: artifacts/models/siamese_sigmoid/model
      md5: 2db6b7504e4a423d10114405adb78370.dir
      size: 17190983
      nfiles: 3
    - path: logs/sigmoid_siamese_logs
      md5: e8674666a3efaf0f5d56272fc52cb095.dir
      size: 76030
      nfiles: 6
    - path: logs/sigmoid_siamese_logs.json
      md5: 0b3e01df10dfa84bc8c04a18717b24c8
      size: 199
    - path: logs/sigmoid_siamese_summaries
      md5: 759f98409efc0ce2f3075dfefc0a8fbf.dir
      size: 25827
      nfiles: 3
  classifiers@imagenet_unfrozen:
    cmd: "python gloves/classifier.py --encoder-model-path artifacts/models/siamese_distance/encoder\
      \ --train-dir artifacts/train --test-dir artifacts/test --param-path params.yaml\
      \ --param-parent-key classifier --out-model-path artifacts/models/gloves_imagenet_unfrozen\
      \ --out-label-encoder-path artifacts/models/gloves_imagenet_unfrozen_label_encoder.joblib\
      \ --out-metrics-path logs/imagenet_unfrozen --use-imagenet true --is-frozen\
      \ false\n"
    deps:
    - path: artifacts/models/siamese_distance/encoder
      md5: c1bc961f6600eae4109d48a4614b72e3.dir
      size: 6161646
      nfiles: 3
    - path: artifacts/test
      md5: b98fddfe57c20c4de06747a5ecd79bf6.dir
      size: 78122874
      nfiles: 739
    - path: artifacts/train
      md5: 66d0403084220e6c3c75897280716366.dir
      size: 712774465
      nfiles: 6651
    - path: gloves/classifier.py
      md5: bbaf3579e1997711ec1d14e0bbf9607c
      size: 6346
    params:
      params.yaml:
        classifier:
          batch_size: 32
          epochs: 1000
          verbose: 1
    outs:
    - path: artifacts/models/gloves_imagenet_unfrozen
      md5: 77ab03898d361537f52a486defcff474.dir
      size: 44186607
      nfiles: 3
    - path: artifacts/models/gloves_imagenet_unfrozen_label_encoder.joblib
      md5: 04389aba6461b8869ba4c8f267b430bd
      size: 1338
    - path: logs/imagenet_unfrozen
      md5: fabdd5319c42862559c3c02431d54454.dir
      size: 30842
      nfiles: 11
    - path: logs/imagenet_unfrozen.json
      md5: 8d809a4bb9cd0b115a1301dd35d9ee98
      size: 352
  classifiers@gloves_frozen:
    cmd: "python gloves/classifier.py --encoder-model-path artifacts/models/siamese_distance/encoder\
      \ --train-dir artifacts/train --test-dir artifacts/test --param-path params.yaml\
      \ --param-parent-key classifier --out-model-path artifacts/models/gloves_encoder_frozen\
      \ --out-label-encoder-path artifacts/models/gloves_encoder_frozen_label_encoder.joblib\
      \ --out-metrics-path logs/gloves_frozen --use-imagenet false --is-frozen true\n"
    deps:
    - path: artifacts/models/siamese_distance/encoder
      md5: c1bc961f6600eae4109d48a4614b72e3.dir
      size: 6161646
      nfiles: 3
    - path: artifacts/test
      md5: b98fddfe57c20c4de06747a5ecd79bf6.dir
      size: 78122874
      nfiles: 739
    - path: artifacts/train
      md5: 66d0403084220e6c3c75897280716366.dir
      size: 712774465
      nfiles: 6651
    - path: gloves/classifier.py
      md5: bbaf3579e1997711ec1d14e0bbf9607c
      size: 6346
    params:
      params.yaml:
        classifier:
          batch_size: 32
          epochs: 1000
          verbose: 1
    outs:
    - path: artifacts/models/gloves_encoder_frozen
      md5: ccf75cfc92d8de61be74db02a2321f6a.dir
      size: 6472316
      nfiles: 3
    - path: artifacts/models/gloves_encoder_frozen_label_encoder.joblib
      md5: 04389aba6461b8869ba4c8f267b430bd
      size: 1338
    - path: logs/gloves_frozen
      md5: a3f333ce8a836f11372bfb946d7fb4a9.dir
      size: 18492
      nfiles: 11
    - path: logs/gloves_frozen.json
      md5: 23cf8585cd398272bfa3ff328b3e8f4a
      size: 350
  classifiers@imagenet_frozen:
    cmd: "python gloves/classifier.py --encoder-model-path artifacts/models/siamese_distance/encoder\
      \ --train-dir artifacts/train --test-dir artifacts/test --param-path params.yaml\
      \ --param-parent-key classifier --out-model-path artifacts/models/gloves_imagenet_frozen\
      \ --out-label-encoder-path artifacts/models/gloves_imagenet_frozen_label_encoder.joblib\
      \ --out-metrics-path logs/imagenet_frozen --use-imagenet true --is-frozen true\n"
    deps:
    - path: artifacts/models/siamese_distance/encoder
      md5: c1bc961f6600eae4109d48a4614b72e3.dir
      size: 6161646
      nfiles: 3
    - path: artifacts/test
      md5: b98fddfe57c20c4de06747a5ecd79bf6.dir
      size: 78122874
      nfiles: 739
    - path: artifacts/train
      md5: 66d0403084220e6c3c75897280716366.dir
      size: 712774465
      nfiles: 6651
    - path: gloves/classifier.py
      md5: bbaf3579e1997711ec1d14e0bbf9607c
      size: 6346
    params:
      params.yaml:
        classifier:
          batch_size: 32
          epochs: 1000
          verbose: 1
    outs:
    - path: artifacts/models/gloves_imagenet_frozen
      md5: 48c01f8013765cda92ac04cacc61e9f0.dir
      size: 18141850
      nfiles: 3
    - path: artifacts/models/gloves_imagenet_frozen_label_encoder.joblib
      md5: 04389aba6461b8869ba4c8f267b430bd
      size: 1338
    - path: logs/imagenet_frozen
      md5: ddc553e309488ab70264a78b1f41b715.dir
      size: 18476
      nfiles: 11
    - path: logs/imagenet_frozen.json
      md5: 9052c5ed1822e3daa19b9d2becaaeca4
      size: 292
  classifiers@gloves_unfrozen:
    cmd: "python gloves/classifier.py --encoder-model-path artifacts/models/siamese_distance/encoder\
      \ --train-dir artifacts/train --test-dir artifacts/test --param-path params.yaml\
      \ --param-parent-key classifier --out-model-path artifacts/models/gloves_encoder_unfrozen\
      \ --out-label-encoder-path artifacts/models/gloves_encoder_unfrozen_label_encoder.joblib\
      \ --out-metrics-path logs/gloves_unfrozen --use-imagenet false --is-frozen false\n"
    deps:
    - path: artifacts/models/siamese_distance/encoder
      md5: c1bc961f6600eae4109d48a4614b72e3.dir
      size: 6161646
      nfiles: 3
    - path: artifacts/test
      md5: b98fddfe57c20c4de06747a5ecd79bf6.dir
      size: 78122874
      nfiles: 739
    - path: artifacts/train
      md5: 66d0403084220e6c3c75897280716366.dir
      size: 712774465
      nfiles: 6651
    - path: gloves/classifier.py
      md5: bbaf3579e1997711ec1d14e0bbf9607c
      size: 6346
    params:
      params.yaml:
        classifier:
          batch_size: 32
          epochs: 1000
          verbose: 1
    outs:
    - path: artifacts/models/gloves_encoder_unfrozen
      md5: 350c14196b86c2850e7189747deebec6.dir
      size: 17052024
      nfiles: 3
    - path: artifacts/models/gloves_encoder_unfrozen_label_encoder.joblib
      md5: 04389aba6461b8869ba4c8f267b430bd
      size: 1338
    - path: logs/gloves_unfrozen
      md5: 9fad98dda71da875652588c4a1c59cb4.dir
      size: 48563
      nfiles: 11
    - path: logs/gloves_unfrozen.json
      md5: 8e6db30b71f205ceede5ad6efc72f66a
      size: 353
