schema: '2.0'
stages:
  build_image:
    cmd: ./build_image.sh && echo $(date) > last_build.log
    deps:
    - path: Dockerfile
      md5: ef359ccd22b22e2094017110b17e1e7d
      size: 575
    - path: build_image.sh
      md5: e8817aee860bb869e5b9fc89c63f7c11
      size: 428
    - path: gloves/
      md5: 60665a9830e5382c508b8c76ff805a2a.dir
      size: 68626
      nfiles: 21
    - path: requirements.txt
      md5: 1132d4d7551cf713ad3d022e9010a456
      size: 298
    outs:
    - path: last_build.log
      md5: 1867ba7e77dd51e70aa5ae4b7333d0d0
      size: 32
  wget:
    cmd: "docker run -v ${PWD}/artifacts:/outputs --user 1000:1000 etheredgeb/wget_url:latest\
      \ https://www.robots.ox.ac.uk/~vgg/data/pets/data/images.tar.gz /outputs/wget\n"
    params:
      params.yaml:
        wget:
          img: etheredgeb/wget_url:latest
          data_url: https://www.robots.ox.ac.uk/~vgg/data/pets/data/images.tar.gz
          out_dir: wget
    outs:
    - path: artifacts/wget
      md5: dbd763779bfe15e4b6d824cfde1034e0.dir
      size: 791918971
      nfiles: 1
  untar:
    cmd: "docker run -v ${PWD}/artifacts:/outputs --user 1000:1000 etheredgeb/untar_data:latest\
      \ xzvf  /outputs/untar  /outputs/wget images.tar.gz\n"
    deps:
    - path: artifacts/wget
      md5: dbd763779bfe15e4b6d824cfde1034e0.dir
      size: 791918971
      nfiles: 1
    params:
      params.yaml:
        untar:
          img: etheredgeb/untar_data:latest
          tar_args: xzvf
          data_dir: untar
          tar_file_name: images.tar.gz
        wget.out_dir: wget
    outs:
    - path: artifacts/untar
      md5: 277f608c70d7bd7991e0cd5f5cc845c6.dir
      size: 796502375
      nfiles: 7393
  clean:
    cmd: "docker run -v ${PWD}/artifacts:/outputs --user 1000:1000 etheredgeb/clean_oxford_pet_data:latest\
      \ --data_dir /outputs/untar --cleaned_dir_name /outputs/clean\n"
    deps:
    - path: artifacts/untar
      md5: 277f608c70d7bd7991e0cd5f5cc845c6.dir
      size: 796502375
      nfiles: 7393
    params:
      params.yaml:
        clean:
          img: etheredgeb/clean_oxford_pet_data:latest
          out_dir: clean
        untar.data_dir: untar
    outs:
    - path: artifacts/clean
      md5: 4cd0b23585aa4eaa63096ca693c28879.dir
      size: 790897339
      nfiles: 7390
  split:
    cmd: "docker run -v ${PWD}/artifacts:/outputs --user 1000:1000 etheredgeb/split_oxford_pet_data:latest\
      \ --data-dir /outputs/clean --train-dir /outputs/train --test-dir /outputs/test\
      \ --ratio 0.1 --by-label False\n"
    deps:
    - path: artifacts/clean
      md5: 4cd0b23585aa4eaa63096ca693c28879.dir
      size: 790897339
      nfiles: 7390
    params:
      params.yaml:
        clean.out_dir: clean
        out_dir: artifacts
        split:
          img: etheredgeb/split_oxford_pet_data:latest
          train_dir: train
          test_dir: test
          ratio: 0.1
    outs:
    - path: artifacts/test
      md5: bcc44998a09d95416e1e613254d9d3b2.dir
      size: 79362026
      nfiles: 739
    - path: artifacts/train
      md5: 763b827559ea0fe42d62463927e5def4.dir
      size: 711535313
      nfiles: 6651
  hydra:
    cmd: "docker run -v ${PWD}/artifacts:/outputs --user 1000:1000 --gpus all -e TF_FORCE_GPU_ALLOW_GROWTH=true\
      \  -e MLFLOW_EXPERIMENT_NAME=gloves -e AWS_ACCESS_KEY_ID=$AWS_ACCESS_KEY_ID\
      \ -e AWS_SECRET_ACCESS_KEY=$AWS_SECRET_ACCESS_KEY -e MLFLOW_S3_ENDPOINT_URL=$MLFLOW_S3_ENDPOINT_URL\
      \ -e MLFLOW_TRACKING_URI=$MLFLOW_TRACKING_URI -e MLFLOW_TRACKING_USERNAME=$MLFLOW_TRACKING_USERNAME\
      \ -e MLFLOW_TRACKING_PASSWORD=$MLFLOW_TRACKING_PASSWORD -e S3_ENDPOINT=$S3_ENDPOINT\
      \  etheredgeb/gloves:latest hydra.py --epochs 1\n"
    deps:
    - path: last_build.log
      md5: 1867ba7e77dd51e70aa5ae4b7333d0d0
      size: 32
    params:
      params.yaml:
        train.docker_args: --gpus all -e TF_FORCE_GPU_ALLOW_GROWTH=true  -e MLFLOW_EXPERIMENT_NAME=gloves
          -e AWS_ACCESS_KEY_ID=$AWS_ACCESS_KEY_ID -e AWS_SECRET_ACCESS_KEY=$AWS_SECRET_ACCESS_KEY
          -e MLFLOW_S3_ENDPOINT_URL=$MLFLOW_S3_ENDPOINT_URL -e MLFLOW_TRACKING_URI=$MLFLOW_TRACKING_URI
          -e MLFLOW_TRACKING_USERNAME=$MLFLOW_TRACKING_USERNAME -e MLFLOW_TRACKING_PASSWORD=$MLFLOW_TRACKING_PASSWORD
          -e S3_ENDPOINT=$S3_ENDPOINT
        train.img: etheredgeb/gloves:latest
  train_siamese:
    cmd: "docker run -v ${PWD}/artifacts:/outputs --user 1000:1000 --gpus all -e TF_FORCE_GPU_ALLOW_GROWTH=true\
      \  -e MLFLOW_EXPERIMENT_NAME=gloves -e AWS_ACCESS_KEY_ID=$AWS_ACCESS_KEY_ID\
      \ -e AWS_SECRET_ACCESS_KEY=$AWS_SECRET_ACCESS_KEY -e MLFLOW_S3_ENDPOINT_URL=$MLFLOW_S3_ENDPOINT_URL\
      \ -e MLFLOW_TRACKING_URI=$MLFLOW_TRACKING_URI -e MLFLOW_TRACKING_USERNAME=$MLFLOW_TRACKING_USERNAME\
      \ -e MLFLOW_TRACKING_PASSWORD=$MLFLOW_TRACKING_PASSWORD -e S3_ENDPOINT=$S3_ENDPOINT\
      \ etheredgeb/gloves:latest  main.py --train-dir /outputs/train --test-dir /outputs/test\
      \ --model-dir /outputs/models --model-filename model --encoder-model /outputs/encoder\
      \ --epochs 1\n"
    deps:
    - path: artifacts/test
      md5: bcc44998a09d95416e1e613254d9d3b2.dir
      size: 79362026
      nfiles: 739
    - path: artifacts/train
      md5: 763b827559ea0fe42d62463927e5def4.dir
      size: 711535313
      nfiles: 6651
    params:
      params.yaml:
        out_dir: artifacts
        split.test_dir: test
        split.train_dir: train
        train:
          img: etheredgeb/gloves:latest
          docker_args: --gpus all -e TF_FORCE_GPU_ALLOW_GROWTH=true  -e MLFLOW_EXPERIMENT_NAME=gloves
            -e AWS_ACCESS_KEY_ID=$AWS_ACCESS_KEY_ID -e AWS_SECRET_ACCESS_KEY=$AWS_SECRET_ACCESS_KEY
            -e MLFLOW_S3_ENDPOINT_URL=$MLFLOW_S3_ENDPOINT_URL -e MLFLOW_TRACKING_URI=$MLFLOW_TRACKING_URI
            -e MLFLOW_TRACKING_USERNAME=$MLFLOW_TRACKING_USERNAME -e MLFLOW_TRACKING_PASSWORD=$MLFLOW_TRACKING_PASSWORD
            -e S3_ENDPOINT=$S3_ENDPOINT
          model_dir: models
          model_filename: model
          encoder: encoder
          epochs: 1
    outs:
    - path: artifacts/encoder
      md5: 5cab9b532cb4bd6a87926779e5360282.dir
      size: 53660665
      nfiles: 4
    - path: artifacts/models
      md5: 4769cb67c977ee08e386f5b8211f2d2a.dir
      size: 157559533
      nfiles: 4
  classifier:
    cmd: "docker run -v ${PWD}/artifacts:/outputs --user 1000:1000 --gpus all -e TF_FORCE_GPU_ALLOW_GROWTH=true\
      \  -e MLFLOW_EXPERIMENT_NAME=gloves -e AWS_ACCESS_KEY_ID=$AWS_ACCESS_KEY_ID\
      \ -e AWS_SECRET_ACCESS_KEY=$AWS_SECRET_ACCESS_KEY -e MLFLOW_S3_ENDPOINT_URL=$MLFLOW_S3_ENDPOINT_URL\
      \ -e MLFLOW_TRACKING_URI=$MLFLOW_TRACKING_URI -e MLFLOW_TRACKING_USERNAME=$MLFLOW_TRACKING_USERNAME\
      \ -e MLFLOW_TRACKING_PASSWORD=$MLFLOW_TRACKING_PASSWORD -e S3_ENDPOINT=$S3_ENDPOINT\
      \  etheredgeb/gloves:latest classifier.py --encoder-model-path /outputs/encoder\
      \ --train-dir /outputs/train --test-dir /outputs/test --model-path /outputs/classifier_models\
      \ --label-encoder-path /outputs/label_encoder --epochs 1\n"
    deps:
    - path: artifacts/encoder
      md5: 5cab9b532cb4bd6a87926779e5360282.dir
      size: 53660665
      nfiles: 4
    - path: artifacts/test
      md5: bcc44998a09d95416e1e613254d9d3b2.dir
      size: 79362026
      nfiles: 739
    - path: artifacts/train
      md5: 763b827559ea0fe42d62463927e5def4.dir
      size: 711535313
      nfiles: 6651
    params:
      params.yaml:
        classifier:
          train_dir: train
          test_dir: train
          model_dir: classifier_models
          model_filename: model
          label_encoder: label_encoder
          encoder: models/encoder
          epochs: 1
        split.train_dir: train
        train.docker_args: --gpus all -e TF_FORCE_GPU_ALLOW_GROWTH=true  -e MLFLOW_EXPERIMENT_NAME=gloves
          -e AWS_ACCESS_KEY_ID=$AWS_ACCESS_KEY_ID -e AWS_SECRET_ACCESS_KEY=$AWS_SECRET_ACCESS_KEY
          -e MLFLOW_S3_ENDPOINT_URL=$MLFLOW_S3_ENDPOINT_URL -e MLFLOW_TRACKING_URI=$MLFLOW_TRACKING_URI
          -e MLFLOW_TRACKING_USERNAME=$MLFLOW_TRACKING_USERNAME -e MLFLOW_TRACKING_PASSWORD=$MLFLOW_TRACKING_PASSWORD
          -e S3_ENDPOINT=$S3_ENDPOINT
        train.encoder: encoder
        train.img: etheredgeb/gloves:latest
    outs:
    - path: artifacts/classifier_models
      md5: 8aa1f331584780310535d225b882b480.dir
      size: 648438230
      nfiles: 16
    - path: artifacts/label_encoder
      md5: 76527479bb35f266178120e1f15ffaf0
      size: 1370
